
Microsoft Visual Studio Solution File, Format Version 12.00
# Visual Studio Version 17
VisualStudioVersion = 17.6.33815.320
MinimumVisualStudioVersion = 10.0.40219.1
Project("{FAE04EC0-301F-11D3-BF4B-00C04F79EFBC}") = "DAL", "DAL\DAL.csproj", "{3B1ECDD3-97A7-4595-9388-9C2E45AF9D37}"
EndProject
Project("{FAE04EC0-301F-11D3-BF4B-00C04F79EFBC}") = "BLL", "BLL\BLL.csproj", "{74A4D312-7064-4F92-80D2-D91913D3A17B}"
EndProject
Project("{9A19103F-16F7-4668-BE54-9A1E7A4F7556}") = "ASL", "ASL\ASL.csproj", "{1B354EB1-4E1F-42EF-BED8-DBD670259843}"
EndProject
Project("{9A19103F-16F7-4668-BE54-9A1E7A4F7556}") = "AccessSL", "AccessSL\AccessSL.csproj", "{862B6513-451A-4AE2-A9DD-E732995039D6}"
EndProject
Global
	GlobalSection(SolutionConfigurationPlatforms) = preSolution
		Debug|Any CPU = Debug|Any CPU
		Release|Any CPU = Release|Any CPU
	EndGlobalSection
	GlobalSection(ProjectConfigurationPlatforms) = postSolution
		{3B1ECDD3-97A7-4595-9388-9C2E45AF9D37}.Debug|Any CPU.ActiveCfg = Debug|Any CPU
		{3B1ECDD3-97A7-4595-9388-9C2E45AF9D37}.Debug|Any CPU.Build.0 = Debug|Any CPU
		{3B1ECDD3-97A7-4595-9388-9C2E45AF9D37}.Release|Any CPU.ActiveCfg = Release|Any CPU
		{3B1ECDD3-97A7-4595-9388-9C2E45AF9D37}.Release|Any CPU.Build.0 = Release|Any CPU
		{74A4D312-7064-4F92-80D2-D91913D3A17B}.Debug|Any CPU.ActiveCfg = Debug|Any CPU
		{74A4D312-7064-4F92-80D2-D91913D3A17B}.Debug|Any CPU.Build.0 = Debug|Any CPU
		{74A4D312-7064-4F92-80D2-D91913D3A17B}.Release|Any CPU.ActiveCfg = Release|Any CPU
		{74A4D312-7064-4F92-80D2-D91913D3A17B}.Release|Any CPU.Build.0 = Release|Any CPU
		{1B354EB1-4E1F-42EF-BED8-DBD670259843}.Debug|Any CPU.ActiveCfg = Debug|Any CPU
		{1B354EB1-4E1F-42EF-BED8-DBD670259843}.Debug|Any CPU.Build.0 = Debug|Any CPU
		{1B354EB1-4E1F-42EF-BED8-DBD670259843}.Release|Any CPU.ActiveCfg = Release|Any CPU
		{1B354EB1-4E1F-42EF-BED8-DBD670259843}.Release|Any CPU.Build.0 = Release|Any CPU
		{862B6513-451A-4AE2-A9DD-E732995039D6}.Debug|Any CPU.ActiveCfg = Debug|Any CPU
		{862B6513-451A-4AE2-A9DD-E732995039D6}.Debug|Any CPU.Build.0 = Debug|Any CPU
		{862B6513-451A-4AE2-A9DD-E732995039D6}.Release|Any CPU.ActiveCfg = Release|Any CPU
		{862B6513-451A-4AE2-A9DD-E732995039D6}.Release|Any CPU.Build.0 = Release|Any CPU
	EndGlobalSection
	GlobalSection(SolutionProperties) = preSolution
		HideSolutionNode = FALSE
	EndGlobalSection
	GlobalSection(ExtensibilityGlobals) = postSolution
		SolutionGuid = {2E2A94D3-D9F5-4F18-8740-C938141CDB6E}
	EndGlobalSection
EndGlobal
